
Microsoft Visual Studio Solution File, Format Version 12.00
# Visual Studio Version 16
VisualStudioVersion = 16.0.29021.104
MinimumVisualStudioVersion = 10.0.40219.1
Project("{FAE04EC0-301F-11D3-BF4B-00C04F79EFBC}") = "UPDATE_TERMINAL", "UPDATE_TERMINAL\UPDATE_TERMINAL.csproj", "{A3949675-7D30-4BB1-B7C7-3621C7CDA18D}"
EndProject
Global
	GlobalSection(SolutionConfigurationPlatforms) = preSolution
		Debug|Any CPU = Debug|Any CPU
		Release|Any CPU = Release|Any CPU
	EndGlobalSection
	GlobalSection(ProjectConfigurationPlatforms) = postSolution
		{A3949675-7D30-4BB1-B7C7-3621C7CDA18D}.Debug|Any CPU.ActiveCfg = Debug|Any CPU
		{A3949675-7D30-4BB1-B7C7-3621C7CDA18D}.Debug|Any CPU.Build.0 = Debug|Any CPU
		{A3949675-7D30-4BB1-B7C7-3621C7CDA18D}.Release|Any CPU.ActiveCfg = Release|Any CPU
		{A3949675-7D30-4BB1-B7C7-3621C7CDA18D}.Release|Any CPU.Build.0 = Release|Any CPU
	EndGlobalSection
	GlobalSection(SolutionProperties) = preSolution
		HideSolutionNode = FALSE
	EndGlobalSection
	GlobalSection(ExtensibilityGlobals) = postSolution
		SolutionGuid = {F315B812-3D43-4746-BC78-97270946F28E}
	EndGlobalSection
EndGlobal
